
Microsoft Visual Studio Solution File, Format Version 12.00
# Visual Studio Version 17
VisualStudioVersion = 17.9.34728.123
MinimumVisualStudioVersion = 10.0.40219.1
Project("{9A19103F-16F7-4668-BE54-9A1E7A4F7556}") = "esupplier", "esupplier.csproj", "{70B59C3D-A9D2-45FF-9E55-86EE0F45B9CB}"
EndProject
Global
	GlobalSection(SolutionConfigurationPlatforms) = preSolution
		Debug|Any CPU = Debug|Any CPU
		Release|Any CPU = Release|Any CPU
	EndGlobalSection
	GlobalSection(ProjectConfigurationPlatforms) = postSolution
		{70B59C3D-A9D2-45FF-9E55-86EE0F45B9CB}.Debug|Any CPU.ActiveCfg = Debug|Any CPU
		{70B59C3D-A9D2-45FF-9E55-86EE0F45B9CB}.Debug|Any CPU.Build.0 = Debug|Any CPU
		{70B59C3D-A9D2-45FF-9E55-86EE0F45B9CB}.Release|Any CPU.ActiveCfg = Release|Any CPU
		{70B59C3D-A9D2-45FF-9E55-86EE0F45B9CB}.Release|Any CPU.Build.0 = Release|Any CPU
	EndGlobalSection
	GlobalSection(SolutionProperties) = preSolution
		HideSolutionNode = FALSE
	EndGlobalSection
	GlobalSection(ExtensibilityGlobals) = postSolution
		SolutionGuid = {12515026-8B9B-404D-BCE9-0E5C52D594FC}
	EndGlobalSection
EndGlobal
